// !$*UTF8*$!
{
	archiveVersion = 1;
	classes = {
	};
	objectVersion = 50;
	objects = {

/* Begin PBXBuildFile section */
		0751043220FD2F4600998B87 /* AppDelegate.swift in Sources */ = {isa = PBXBuildFile; fileRef = 0751043120FD2F4600998B87 /* AppDelegate.swift */; };
		0751043920FD2F4600998B87 /* Assets.xcassets in Resources */ = {isa = PBXBuildFile; fileRef = 0751043820FD2F4600998B87 /* Assets.xcassets */; };
		0751044920FDD79800998B87 /* MainTabBarController.swift in Sources */ = {isa = PBXBuildFile; fileRef = 0751044820FDD79800998B87 /* MainTabBarController.swift */; };
		0751044B20FDD7E700998B87 /* NewsTableViewController.swift in Sources */ = {isa = PBXBuildFile; fileRef = 0751044A20FDD7E700998B87 /* NewsTableViewController.swift */; };
		0751044D20FDD80200998B87 /* CoursesViewController.swift in Sources */ = {isa = PBXBuildFile; fileRef = 0751044C20FDD80200998B87 /* CoursesViewController.swift */; };
		0751044F20FDD80F00998B87 /* FavouritesViewController.swift in Sources */ = {isa = PBXBuildFile; fileRef = 0751044E20FDD80F00998B87 /* FavouritesViewController.swift */; };
		0769FF71210B8C0E00A7B83F /* AddDataToDataBaseForTesting.swift in Sources */ = {isa = PBXBuildFile; fileRef = 0769FF70210B8C0E00A7B83F /* AddDataToDataBaseForTesting.swift */; };
		0769FF73210CA96300A7B83F /* CourseCollectionViewCell.swift in Sources */ = {isa = PBXBuildFile; fileRef = 0769FF72210CA96300A7B83F /* CourseCollectionViewCell.swift */; };
		0769FF75210CC45200A7B83F /* CourseDetailViewController.swift in Sources */ = {isa = PBXBuildFile; fileRef = 0769FF74210CC45200A7B83F /* CourseDetailViewController.swift */; };
		0769FF77210CC47500A7B83F /* CourseDetailView.swift in Sources */ = {isa = PBXBuildFile; fileRef = 0769FF76210CC47500A7B83F /* CourseDetailView.swift */; };
		0779682520FF9B0500AAB14E /* WelcomeViewController.swift in Sources */ = {isa = PBXBuildFile; fileRef = 0779682420FF9B0500AAB14E /* WelcomeViewController.swift */; };
		0779682720FF9BBF00AAB14E /* Models.swift in Sources */ = {isa = PBXBuildFile; fileRef = 0779682620FF9BBF00AAB14E /* Models.swift */; };
		0779682D20FFB50E00AAB14E /* ArticleTableViewCell.swift in Sources */ = {isa = PBXBuildFile; fileRef = 0779682C20FFB50E00AAB14E /* ArticleTableViewCell.swift */; };
		07E66A9720FF8897001EAF24 /* GoogleService-Info.plist in Resources */ = {isa = PBXBuildFile; fileRef = 07E66A9620FF8897001EAF24 /* GoogleService-Info.plist */; };
		07F0A0D32107138900EA2BD9 /* ModelController.swift in Sources */ = {isa = PBXBuildFile; fileRef = 07F0A0D22107138900EA2BD9 /* ModelController.swift */; };
		07F0A0D9210A09A300EA2BD9 /* DetailView.swift in Sources */ = {isa = PBXBuildFile; fileRef = 07F0A0D8210A09A300EA2BD9 /* DetailView.swift */; };
		07F0A0DB210A0D7000EA2BD9 /* NewsDetailViewController.swift in Sources */ = {isa = PBXBuildFile; fileRef = 07F0A0DA210A0D7000EA2BD9 /* NewsDetailViewController.swift */; };
		07F0A0DD210B33E300EA2BD9 /* Extensions.swift in Sources */ = {isa = PBXBuildFile; fileRef = 07F0A0DC210B33E300EA2BD9 /* Extensions.swift */; };
		07FEDEA32100E139008F25A3 /* WelcomeDetailViewController.swift in Sources */ = {isa = PBXBuildFile; fileRef = 07FEDEA22100E139008F25A3 /* WelcomeDetailViewController.swift */; };
		07FEDEBA2101EF39008F25A3 /* DatesHelper.swift in Sources */ = {isa = PBXBuildFile; fileRef = 07FEDEB92101EF39008F25A3 /* DatesHelper.swift */; };
		07FEDEBC210200A3008F25A3 /* FirebaseHelper.swift in Sources */ = {isa = PBXBuildFile; fileRef = 07FEDEBB210200A3008F25A3 /* FirebaseHelper.swift */; };
		07FEDEC021023831008F25A3 /* FBCollectionReference.swift in Sources */ = {isa = PBXBuildFile; fileRef = 07FEDEBF21023831008F25A3 /* FBCollectionReference.swift */; };
		E70A51C8776A70EB5065533A /* Pods_prospectus.framework in Frameworks */ = {isa = PBXBuildFile; fileRef = 25021521FBD5C99BA867E797 /* Pods_prospectus.framework */; };
/* End PBXBuildFile section */

/* Begin PBXFileReference section */
		0751042E20FD2F4600998B87 /* prospectus.app */ = {isa = PBXFileReference; explicitFileType = wrapper.application; includeInIndex = 0; path = prospectus.app; sourceTree = BUILT_PRODUCTS_DIR; };
		0751043120FD2F4600998B87 /* AppDelegate.swift */ = {isa = PBXFileReference; lastKnownFileType = sourcecode.swift; path = AppDelegate.swift; sourceTree = "<group>"; };
		0751043820FD2F4600998B87 /* Assets.xcassets */ = {isa = PBXFileReference; lastKnownFileType = folder.assetcatalog; path = Assets.xcassets; sourceTree = "<group>"; };
		0751043D20FD2F4600998B87 /* Info.plist */ = {isa = PBXFileReference; lastKnownFileType = text.plist.xml; path = Info.plist; sourceTree = "<group>"; };
		0751044820FDD79800998B87 /* MainTabBarController.swift */ = {isa = PBXFileReference; lastKnownFileType = sourcecode.swift; path = MainTabBarController.swift; sourceTree = "<group>"; };
		0751044A20FDD7E700998B87 /* NewsTableViewController.swift */ = {isa = PBXFileReference; explicitFileType = sourcecode.swift; path = NewsTableViewController.swift; sourceTree = "<group>"; };
		0751044C20FDD80200998B87 /* CoursesViewController.swift */ = {isa = PBXFileReference; lastKnownFileType = sourcecode.swift; path = CoursesViewController.swift; sourceTree = "<group>"; };
		0751044E20FDD80F00998B87 /* FavouritesViewController.swift */ = {isa = PBXFileReference; lastKnownFileType = sourcecode.swift; path = FavouritesViewController.swift; sourceTree = "<group>"; };
		0769FF70210B8C0E00A7B83F /* AddDataToDataBaseForTesting.swift */ = {isa = PBXFileReference; lastKnownFileType = sourcecode.swift; path = AddDataToDataBaseForTesting.swift; sourceTree = "<group>"; };
		0769FF72210CA96300A7B83F /* CourseCollectionViewCell.swift */ = {isa = PBXFileReference; lastKnownFileType = sourcecode.swift; path = CourseCollectionViewCell.swift; sourceTree = "<group>"; };
		0769FF74210CC45200A7B83F /* CourseDetailViewController.swift */ = {isa = PBXFileReference; lastKnownFileType = sourcecode.swift; path = CourseDetailViewController.swift; sourceTree = "<group>"; };
		0769FF76210CC47500A7B83F /* CourseDetailView.swift */ = {isa = PBXFileReference; lastKnownFileType = sourcecode.swift; name = CourseDetailView.swift; path = prospectus/Controllers/CourseDetailView.swift; sourceTree = SOURCE_ROOT; };
		0779682420FF9B0500AAB14E /* WelcomeViewController.swift */ = {isa = PBXFileReference; lastKnownFileType = sourcecode.swift; path = WelcomeViewController.swift; sourceTree = "<group>"; };
		0779682620FF9BBF00AAB14E /* Models.swift */ = {isa = PBXFileReference; lastKnownFileType = sourcecode.swift; path = Models.swift; sourceTree = "<group>"; };
		0779682C20FFB50E00AAB14E /* ArticleTableViewCell.swift */ = {isa = PBXFileReference; lastKnownFileType = sourcecode.swift; path = ArticleTableViewCell.swift; sourceTree = "<group>"; };
		07E66A9620FF8897001EAF24 /* GoogleService-Info.plist */ = {isa = PBXFileReference; fileEncoding = 4; lastKnownFileType = text.plist.xml; path = "GoogleService-Info.plist"; sourceTree = "<group>"; };
		07F0A0D22107138900EA2BD9 /* ModelController.swift */ = {isa = PBXFileReference; lastKnownFileType = sourcecode.swift; path = ModelController.swift; sourceTree = "<group>"; };
		07F0A0D8210A09A300EA2BD9 /* DetailView.swift */ = {isa = PBXFileReference; lastKnownFileType = sourcecode.swift; name = DetailView.swift; path = prospectus/Helpers/DetailView.swift; sourceTree = SOURCE_ROOT; };
		07F0A0DA210A0D7000EA2BD9 /* NewsDetailViewController.swift */ = {isa = PBXFileReference; lastKnownFileType = sourcecode.swift; path = NewsDetailViewController.swift; sourceTree = "<group>"; };
		07F0A0DC210B33E300EA2BD9 /* Extensions.swift */ = {isa = PBXFileReference; lastKnownFileType = sourcecode.swift; path = Extensions.swift; sourceTree = "<group>"; };
		07FEDEA22100E139008F25A3 /* WelcomeDetailViewController.swift */ = {isa = PBXFileReference; lastKnownFileType = sourcecode.swift; path = WelcomeDetailViewController.swift; sourceTree = "<group>"; };
		07FEDEB92101EF39008F25A3 /* DatesHelper.swift */ = {isa = PBXFileReference; lastKnownFileType = sourcecode.swift; path = DatesHelper.swift; sourceTree = "<group>"; };
		07FEDEBB210200A3008F25A3 /* FirebaseHelper.swift */ = {isa = PBXFileReference; lastKnownFileType = sourcecode.swift; path = FirebaseHelper.swift; sourceTree = "<group>"; };
		07FEDEBF21023831008F25A3 /* FBCollectionReference.swift */ = {isa = PBXFileReference; lastKnownFileType = sourcecode.swift; path = FBCollectionReference.swift; sourceTree = "<group>"; };
		21CDA42234692C7CB5B3A40A /* Pods-prospectus.debug.xcconfig */ = {isa = PBXFileReference; includeInIndex = 1; lastKnownFileType = text.xcconfig; name = "Pods-prospectus.debug.xcconfig"; path = "Pods/Target Support Files/Pods-prospectus/Pods-prospectus.debug.xcconfig"; sourceTree = "<group>"; };
		25021521FBD5C99BA867E797 /* Pods_prospectus.framework */ = {isa = PBXFileReference; explicitFileType = wrapper.framework; includeInIndex = 0; path = Pods_prospectus.framework; sourceTree = BUILT_PRODUCTS_DIR; };
		92922C6C2B6EB92C825D5BDC /* Pods-prospectus.release.xcconfig */ = {isa = PBXFileReference; includeInIndex = 1; lastKnownFileType = text.xcconfig; name = "Pods-prospectus.release.xcconfig"; path = "Pods/Target Support Files/Pods-prospectus/Pods-prospectus.release.xcconfig"; sourceTree = "<group>"; };
/* End PBXFileReference section */

/* Begin PBXFrameworksBuildPhase section */
		0751042B20FD2F4600998B87 /* Frameworks */ = {
			isa = PBXFrameworksBuildPhase;
			buildActionMask = 2147483647;
			files = (
				E70A51C8776A70EB5065533A /* Pods_prospectus.framework in Frameworks */,
			);
			runOnlyForDeploymentPostprocessing = 0;
		};
/* End PBXFrameworksBuildPhase section */

/* Begin PBXGroup section */
		0751042520FD2F4600998B87 = {
			isa = PBXGroup;
			children = (
				0751043020FD2F4600998B87 /* prospectus */,
				0751042F20FD2F4600998B87 /* Products */,
				D3DF93662B74B46707B2E5A9 /* Pods */,
				2FA4476FFE431C26A5CC781E /* Frameworks */,
			);
			sourceTree = "<group>";
		};
		0751042F20FD2F4600998B87 /* Products */ = {
			isa = PBXGroup;
			children = (
				0751042E20FD2F4600998B87 /* prospectus.app */,
			);
			name = Products;
			sourceTree = "<group>";
		};
		0751043020FD2F4600998B87 /* prospectus */ = {
			isa = PBXGroup;
			children = (
				0751043120FD2F4600998B87 /* AppDelegate.swift */,
				0751044520FDD08B00998B87 /* Models */,
				0751044420FDD08400998B87 /* Controllers */,
				0751044320FDD07B00998B87 /* Views */,
				0779682B20FFB4D900AAB14E /* Cells */,
				0779682820FFA34500AAB14E /* Helpers */,
				0751043820FD2F4600998B87 /* Assets.xcassets */,
				0751043D20FD2F4600998B87 /* Info.plist */,
				07E66A9620FF8897001EAF24 /* GoogleService-Info.plist */,
			);
			path = prospectus;
			sourceTree = "<group>";
		};
		0751044320FDD07B00998B87 /* Views */ = {
			isa = PBXGroup;
			children = (
				07F0A0D8210A09A300EA2BD9 /* DetailView.swift */,
				0769FF76210CC47500A7B83F /* CourseDetailView.swift */,
			);
			path = Views;
			sourceTree = "<group>";
		};
		0751044420FDD08400998B87 /* Controllers */ = {
			isa = PBXGroup;
			children = (
				07F0A0D22107138900EA2BD9 /* ModelController.swift */,
				0751044820FDD79800998B87 /* MainTabBarController.swift */,
				0779682420FF9B0500AAB14E /* WelcomeViewController.swift */,
				07FEDEA22100E139008F25A3 /* WelcomeDetailViewController.swift */,
				0751044A20FDD7E700998B87 /* NewsTableViewController.swift */,
				07F0A0DA210A0D7000EA2BD9 /* NewsDetailViewController.swift */,
				0751044C20FDD80200998B87 /* CoursesViewController.swift */,
				0769FF74210CC45200A7B83F /* CourseDetailViewController.swift */,
				0751044E20FDD80F00998B87 /* FavouritesViewController.swift */,
			);
			path = Controllers;
			sourceTree = "<group>";
		};
		0751044520FDD08B00998B87 /* Models */ = {
			isa = PBXGroup;
			children = (
				0779682620FF9BBF00AAB14E /* Models.swift */,
			);
			path = Models;
			sourceTree = "<group>";
		};
		0779682820FFA34500AAB14E /* Helpers */ = {
			isa = PBXGroup;
			children = (
				07FEDEB92101EF39008F25A3 /* DatesHelper.swift */,
				07FEDEBB210200A3008F25A3 /* FirebaseHelper.swift */,
				07FEDEBF21023831008F25A3 /* FBCollectionReference.swift */,
				07F0A0DC210B33E300EA2BD9 /* Extensions.swift */,
				0769FF70210B8C0E00A7B83F /* AddDataToDataBaseForTesting.swift */,
			);
			path = Helpers;
			sourceTree = "<group>";
		};
		0779682B20FFB4D900AAB14E /* Cells */ = {
			isa = PBXGroup;
			children = (
				0779682C20FFB50E00AAB14E /* ArticleTableViewCell.swift */,
				0769FF72210CA96300A7B83F /* CourseCollectionViewCell.swift */,
			);
			path = Cells;
			sourceTree = "<group>";
		};
		2FA4476FFE431C26A5CC781E /* Frameworks */ = {
			isa = PBXGroup;
			children = (
				25021521FBD5C99BA867E797 /* Pods_prospectus.framework */,
			);
			name = Frameworks;
			sourceTree = "<group>";
		};
		D3DF93662B74B46707B2E5A9 /* Pods */ = {
			isa = PBXGroup;
			children = (
				21CDA42234692C7CB5B3A40A /* Pods-prospectus.debug.xcconfig */,
				92922C6C2B6EB92C825D5BDC /* Pods-prospectus.release.xcconfig */,
			);
			name = Pods;
			sourceTree = "<group>";
		};
/* End PBXGroup section */

/* Begin PBXNativeTarget section */
		0751042D20FD2F4600998B87 /* prospectus */ = {
			isa = PBXNativeTarget;
			buildConfigurationList = 0751044020FD2F4600998B87 /* Build configuration list for PBXNativeTarget "prospectus" */;
			buildPhases = (
				D298EADF839006E50AAF23B2 /* [CP] Check Pods Manifest.lock */,
				0751042A20FD2F4600998B87 /* Sources */,
				0751042B20FD2F4600998B87 /* Frameworks */,
				0751042C20FD2F4600998B87 /* Resources */,
				6F4BE915425A65917E6B29DF /* [CP] Embed Pods Frameworks */,
			);
			buildRules = (
			);
			dependencies = (
			);
			name = prospectus;
			productName = prospectus;
			productReference = 0751042E20FD2F4600998B87 /* prospectus.app */;
			productType = "com.apple.product-type.application";
		};
/* End PBXNativeTarget section */

/* Begin PBXProject section */
		0751042620FD2F4600998B87 /* Project object */ = {
			isa = PBXProject;
			attributes = {
				LastSwiftUpdateCheck = 0940;
				LastUpgradeCheck = 0940;
				ORGANIZATIONNAME = "Craig Chambers";
				TargetAttributes = {
					0751042D20FD2F4600998B87 = {
						CreatedOnToolsVersion = 9.4.1;
					};
				};
			};
			buildConfigurationList = 0751042920FD2F4600998B87 /* Build configuration list for PBXProject "prospectus" */;
			compatibilityVersion = "Xcode 9.3";
			developmentRegion = en;
			hasScannedForEncodings = 0;
			knownRegions = (
				en,
				Base,
			);
			mainGroup = 0751042520FD2F4600998B87;
			productRefGroup = 0751042F20FD2F4600998B87 /* Products */;
			projectDirPath = "";
			projectRoot = "";
			targets = (
				0751042D20FD2F4600998B87 /* prospectus */,
			);
		};
/* End PBXProject section */

/* Begin PBXResourcesBuildPhase section */
		0751042C20FD2F4600998B87 /* Resources */ = {
			isa = PBXResourcesBuildPhase;
			buildActionMask = 2147483647;
			files = (
				0751043920FD2F4600998B87 /* Assets.xcassets in Resources */,
				07E66A9720FF8897001EAF24 /* GoogleService-Info.plist in Resources */,
			);
			runOnlyForDeploymentPostprocessing = 0;
		};
/* End PBXResourcesBuildPhase section */

/* Begin PBXShellScriptBuildPhase section */
		6F4BE915425A65917E6B29DF /* [CP] Embed Pods Frameworks */ = {
			isa = PBXShellScriptBuildPhase;
			buildActionMask = 2147483647;
			files = (
			);
			inputPaths = (
				"${SRCROOT}/Pods/Target Support Files/Pods-prospectus/Pods-prospectus-frameworks.sh",
				"${BUILT_PRODUCTS_DIR}/BoringSSL/openssl.framework",
				"${BUILT_PRODUCTS_DIR}/GoogleToolboxForMac/GoogleToolboxForMac.framework",
				"${BUILT_PRODUCTS_DIR}/Protobuf/Protobuf.framework",
				"${BUILT_PRODUCTS_DIR}/SDWebImage/SDWebImage.framework",
				"${BUILT_PRODUCTS_DIR}/gRPC/GRPCClient.framework",
				"${BUILT_PRODUCTS_DIR}/gRPC-Core/grpc.framework",
				"${BUILT_PRODUCTS_DIR}/gRPC-ProtoRPC/ProtoRPC.framework",
				"${BUILT_PRODUCTS_DIR}/gRPC-RxLibrary/RxLibrary.framework",
				"${BUILT_PRODUCTS_DIR}/leveldb-library/leveldb.framework",
				"${BUILT_PRODUCTS_DIR}/nanopb/nanopb.framework",
			);
			name = "[CP] Embed Pods Frameworks";
			outputPaths = (
				"${TARGET_BUILD_DIR}/${FRAMEWORKS_FOLDER_PATH}/openssl.framework",
				"${TARGET_BUILD_DIR}/${FRAMEWORKS_FOLDER_PATH}/GoogleToolboxForMac.framework",
				"${TARGET_BUILD_DIR}/${FRAMEWORKS_FOLDER_PATH}/Protobuf.framework",
				"${TARGET_BUILD_DIR}/${FRAMEWORKS_FOLDER_PATH}/SDWebImage.framework",
				"${TARGET_BUILD_DIR}/${FRAMEWORKS_FOLDER_PATH}/GRPCClient.framework",
				"${TARGET_BUILD_DIR}/${FRAMEWORKS_FOLDER_PATH}/grpc.framework",
				"${TARGET_BUILD_DIR}/${FRAMEWORKS_FOLDER_PATH}/ProtoRPC.framework",
				"${TARGET_BUILD_DIR}/${FRAMEWORKS_FOLDER_PATH}/RxLibrary.framework",
				"${TARGET_BUILD_DIR}/${FRAMEWORKS_FOLDER_PATH}/leveldb.framework",
				"${TARGET_BUILD_DIR}/${FRAMEWORKS_FOLDER_PATH}/nanopb.framework",
			);
			runOnlyForDeploymentPostprocessing = 0;
			shellPath = /bin/sh;
			shellScript = "\"${SRCROOT}/Pods/Target Support Files/Pods-prospectus/Pods-prospectus-frameworks.sh\"\n";
			showEnvVarsInLog = 0;
		};
		D298EADF839006E50AAF23B2 /* [CP] Check Pods Manifest.lock */ = {
			isa = PBXShellScriptBuildPhase;
			buildActionMask = 2147483647;
			files = (
			);
			inputPaths = (
				"${PODS_PODFILE_DIR_PATH}/Podfile.lock",
				"${PODS_ROOT}/Manifest.lock",
			);
			name = "[CP] Check Pods Manifest.lock";
			outputPaths = (
				"$(DERIVED_FILE_DIR)/Pods-prospectus-checkManifestLockResult.txt",
			);
			runOnlyForDeploymentPostprocessing = 0;
			shellPath = /bin/sh;
			shellScript = "diff \"${PODS_PODFILE_DIR_PATH}/Podfile.lock\" \"${PODS_ROOT}/Manifest.lock\" > /dev/null\nif [ $? != 0 ] ; then\n    # print error to STDERR\n    echo \"error: The sandbox is not in sync with the Podfile.lock. Run 'pod install' or update your CocoaPods installation.\" >&2\n    exit 1\nfi\n# This output is used by Xcode 'outputs' to avoid re-running this script phase.\necho \"SUCCESS\" > \"${SCRIPT_OUTPUT_FILE_0}\"\n";
			showEnvVarsInLog = 0;
		};
/* End PBXShellScriptBuildPhase section */

/* Begin PBXSourcesBuildPhase section */
		0751042A20FD2F4600998B87 /* Sources */ = {
			isa = PBXSourcesBuildPhase;
			buildActionMask = 2147483647;
			files = (
				0769FF77210CC47500A7B83F /* CourseDetailView.swift in Sources */,
				0751043220FD2F4600998B87 /* AppDelegate.swift in Sources */,
				0751044D20FDD80200998B87 /* CoursesViewController.swift in Sources */,
				0779682720FF9BBF00AAB14E /* Models.swift in Sources */,
				07F0A0D9210A09A300EA2BD9 /* DetailView.swift in Sources */,
				0751044920FDD79800998B87 /* MainTabBarController.swift in Sources */,
				07FEDEA32100E139008F25A3 /* WelcomeDetailViewController.swift in Sources */,
				0769FF71210B8C0E00A7B83F /* AddDataToDataBaseForTesting.swift in Sources */,
				07F0A0D32107138900EA2BD9 /* ModelController.swift in Sources */,
				0779682D20FFB50E00AAB14E /* ArticleTableViewCell.swift in Sources */,
				0779682520FF9B0500AAB14E /* WelcomeViewController.swift in Sources */,
				07F0A0DB210A0D7000EA2BD9 /* NewsDetailViewController.swift in Sources */,
				07FEDEBA2101EF39008F25A3 /* DatesHelper.swift in Sources */,
				07F0A0DD210B33E300EA2BD9 /* Extensions.swift in Sources */,
				0751044F20FDD80F00998B87 /* FavouritesViewController.swift in Sources */,
				07FEDEC021023831008F25A3 /* FBCollectionReference.swift in Sources */,
				0769FF73210CA96300A7B83F /* CourseCollectionViewCell.swift in Sources */,
				0769FF75210CC45200A7B83F /* CourseDetailViewController.swift in Sources */,
				07FEDEBC210200A3008F25A3 /* FirebaseHelper.swift in Sources */,
				0751044B20FDD7E700998B87 /* NewsTableViewController.swift in Sources */,
			);
			runOnlyForDeploymentPostprocessing = 0;
		};
/* End PBXSourcesBuildPhase section */

/* Begin XCBuildConfiguration section */
		0751043E20FD2F4600998B87 /* Debug */ = {
			isa = XCBuildConfiguration;
			buildSettings = {
				ALWAYS_SEARCH_USER_PATHS = NO;
				CLANG_ANALYZER_NONNULL = YES;
				CLANG_ANALYZER_NUMBER_OBJECT_CONVERSION = YES_AGGRESSIVE;
				CLANG_CXX_LANGUAGE_STANDARD = "gnu++14";
				CLANG_CXX_LIBRARY = "libc++";
				CLANG_ENABLE_MODULES = YES;
				CLANG_ENABLE_OBJC_ARC = YES;
				CLANG_ENABLE_OBJC_WEAK = YES;
				CLANG_WARN_BLOCK_CAPTURE_AUTORELEASING = YES;
				CLANG_WARN_BOOL_CONVERSION = YES;
				CLANG_WARN_COMMA = YES;
				CLANG_WARN_CONSTANT_CONVERSION = YES;
				CLANG_WARN_DEPRECATED_OBJC_IMPLEMENTATIONS = YES;
				CLANG_WARN_DIRECT_OBJC_ISA_USAGE = YES_ERROR;
				CLANG_WARN_DOCUMENTATION_COMMENTS = YES;
				CLANG_WARN_EMPTY_BODY = YES;
				CLANG_WARN_ENUM_CONVERSION = YES;
				CLANG_WARN_INFINITE_RECURSION = YES;
				CLANG_WARN_INT_CONVERSION = YES;
				CLANG_WARN_NON_LITERAL_NULL_CONVERSION = YES;
				CLANG_WARN_OBJC_IMPLICIT_RETAIN_SELF = YES;
				CLANG_WARN_OBJC_LITERAL_CONVERSION = YES;
				CLANG_WARN_OBJC_ROOT_CLASS = YES_ERROR;
				CLANG_WARN_RANGE_LOOP_ANALYSIS = YES;
				CLANG_WARN_STRICT_PROTOTYPES = YES;
				CLANG_WARN_SUSPICIOUS_MOVE = YES;
				CLANG_WARN_UNGUARDED_AVAILABILITY = YES_AGGRESSIVE;
				CLANG_WARN_UNREACHABLE_CODE = YES;
				CLANG_WARN__DUPLICATE_METHOD_MATCH = YES;
				CODE_SIGN_IDENTITY = "iPhone Developer";
				COPY_PHASE_STRIP = NO;
				DEBUG_INFORMATION_FORMAT = dwarf;
				ENABLE_STRICT_OBJC_MSGSEND = YES;
				ENABLE_TESTABILITY = YES;
				GCC_C_LANGUAGE_STANDARD = gnu11;
				GCC_DYNAMIC_NO_PIC = NO;
				GCC_NO_COMMON_BLOCKS = YES;
				GCC_OPTIMIZATION_LEVEL = 0;
				GCC_PREPROCESSOR_DEFINITIONS = (
					"DEBUG=1",
					"$(inherited)",
				);
				GCC_WARN_64_TO_32_BIT_CONVERSION = YES;
				GCC_WARN_ABOUT_RETURN_TYPE = YES_ERROR;
				GCC_WARN_UNDECLARED_SELECTOR = YES;
				GCC_WARN_UNINITIALIZED_AUTOS = YES_AGGRESSIVE;
				GCC_WARN_UNUSED_FUNCTION = YES;
				GCC_WARN_UNUSED_VARIABLE = YES;
				IPHONEOS_DEPLOYMENT_TARGET = 11.4;
				MTL_ENABLE_DEBUG_INFO = YES;
				ONLY_ACTIVE_ARCH = YES;
				SDKROOT = iphoneos;
				SWIFT_ACTIVE_COMPILATION_CONDITIONS = DEBUG;
				SWIFT_OPTIMIZATION_LEVEL = "-Onone";
			};
			name = Debug;
		};
		0751043F20FD2F4600998B87 /* Release */ = {
			isa = XCBuildConfiguration;
			buildSettings = {
				ALWAYS_SEARCH_USER_PATHS = NO;
				CLANG_ANALYZER_NONNULL = YES;
				CLANG_ANALYZER_NUMBER_OBJECT_CONVERSION = YES_AGGRESSIVE;
				CLANG_CXX_LANGUAGE_STANDARD = "gnu++14";
				CLANG_CXX_LIBRARY = "libc++";
				CLANG_ENABLE_MODULES = YES;
				CLANG_ENABLE_OBJC_ARC = YES;
				CLANG_ENABLE_OBJC_WEAK = YES;
				CLANG_WARN_BLOCK_CAPTURE_AUTORELEASING = YES;
				CLANG_WARN_BOOL_CONVERSION = YES;
				CLANG_WARN_COMMA = YES;
				CLANG_WARN_CONSTANT_CONVERSION = YES;
				CLANG_WARN_DEPRECATED_OBJC_IMPLEMENTATIONS = YES;
				CLANG_WARN_DIRECT_OBJC_ISA_USAGE = YES_ERROR;
				CLANG_WARN_DOCUMENTATION_COMMENTS = YES;
				CLANG_WARN_EMPTY_BODY = YES;
				CLANG_WARN_ENUM_CONVERSION = YES;
				CLANG_WARN_INFINITE_RECURSION = YES;
				CLANG_WARN_INT_CONVERSION = YES;
				CLANG_WARN_NON_LITERAL_NULL_CONVERSION = YES;
				CLANG_WARN_OBJC_IMPLICIT_RETAIN_SELF = YES;
				CLANG_WARN_OBJC_LITERAL_CONVERSION = YES;
				CLANG_WARN_OBJC_ROOT_CLASS = YES_ERROR;
				CLANG_WARN_RANGE_LOOP_ANALYSIS = YES;
				CLANG_WARN_STRICT_PROTOTYPES = YES;
				CLANG_WARN_SUSPICIOUS_MOVE = YES;
				CLANG_WARN_UNGUARDED_AVAILABILITY = YES_AGGRESSIVE;
				CLANG_WARN_UNREACHABLE_CODE = YES;
				CLANG_WARN__DUPLICATE_METHOD_MATCH = YES;
				CODE_SIGN_IDENTITY = "iPhone Developer";
				COPY_PHASE_STRIP = NO;
				DEBUG_INFORMATION_FORMAT = "dwarf-with-dsym";
				ENABLE_NS_ASSERTIONS = NO;
				ENABLE_STRICT_OBJC_MSGSEND = YES;
				GCC_C_LANGUAGE_STANDARD = gnu11;
				GCC_NO_COMMON_BLOCKS = YES;
				GCC_WARN_64_TO_32_BIT_CONVERSION = YES;
				GCC_WARN_ABOUT_RETURN_TYPE = YES_ERROR;
				GCC_WARN_UNDECLARED_SELECTOR = YES;
				GCC_WARN_UNINITIALIZED_AUTOS = YES_AGGRESSIVE;
				GCC_WARN_UNUSED_FUNCTION = YES;
				GCC_WARN_UNUSED_VARIABLE = YES;
				IPHONEOS_DEPLOYMENT_TARGET = 11.4;
				MTL_ENABLE_DEBUG_INFO = NO;
				SDKROOT = iphoneos;
				SWIFT_COMPILATION_MODE = wholemodule;
				SWIFT_OPTIMIZATION_LEVEL = "-O";
				VALIDATE_PRODUCT = YES;
			};
			name = Release;
		};
		0751044120FD2F4600998B87 /* Debug */ = {
			isa = XCBuildConfiguration;
			baseConfigurationReference = 21CDA42234692C7CB5B3A40A /* Pods-prospectus.debug.xcconfig */;
			buildSettings = {
				ASSETCATALOG_COMPILER_APPICON_NAME = AppIcon;
				CODE_SIGN_STYLE = Automatic;
				DEVELOPMENT_TEAM = W4F48S4PPF;
				INFOPLIST_FILE = prospectus/Info.plist;
				LD_RUNPATH_SEARCH_PATHS = (
					"$(inherited)",
					"@executable_path/Frameworks",
				);
				PRODUCT_BUNDLE_IDENTIFIER = "uk.co.ux-media.prospectus";
				PRODUCT_NAME = "$(TARGET_NAME)";
				SWIFT_VERSION = 4.0;
				TARGETED_DEVICE_FAMILY = "1,2";
			};
			name = Debug;
		};
		0751044220FD2F4600998B87 /* Release */ = {
			isa = XCBuildConfiguration;
			baseConfigurationReference = 92922C6C2B6EB92C825D5BDC /* Pods-prospectus.release.xcconfig */;
			buildSettings = {
				ASSETCATALOG_COMPILER_APPICON_NAME = AppIcon;
				CODE_SIGN_STYLE = Automatic;
				DEVELOPMENT_TEAM = W4F48S4PPF;
				INFOPLIST_FILE = prospectus/Info.plist;
				LD_RUNPATH_SEARCH_PATHS = (
					"$(inherited)",
					"@executable_path/Frameworks",
				);
				PRODUCT_BUNDLE_IDENTIFIER = "uk.co.ux-media.prospectus";
				PRODUCT_NAME = "$(TARGET_NAME)";
				SWIFT_VERSION = 4.0;
				TARGETED_DEVICE_FAMILY = "1,2";
			};
			name = Release;
		};
/* End XCBuildConfiguration section */

/* Begin XCConfigurationList section */
		0751042920FD2F4600998B87 /* Build configuration list for PBXProject "prospectus" */ = {
			isa = XCConfigurationList;
			buildConfigurations = (
				0751043E20FD2F4600998B87 /* Debug */,
				0751043F20FD2F4600998B87 /* Release */,
			);
			defaultConfigurationIsVisible = 0;
			defaultConfigurationName = Release;
		};
		0751044020FD2F4600998B87 /* Build configuration list for PBXNativeTarget "prospectus" */ = {
			isa = XCConfigurationList;
			buildConfigurations = (
				0751044120FD2F4600998B87 /* Debug */,
				0751044220FD2F4600998B87 /* Release */,
			);
			defaultConfigurationIsVisible = 0;
			defaultConfigurationName = Release;
		};
/* End XCConfigurationList section */
	};
	rootObject = 0751042620FD2F4600998B87 /* Project object */;
}
